
Microsoft Visual Studio Solution File, Format Version 11.00
# Visual Studio 2010
Project("{FAE04EC0-301F-11D3-BF4B-00C04F79EFBC}") = "Line Style Sample", "Line Style Sample\Line Style Sample.csproj", "{8611537D-98A5-49F2-9A3E-86D53AAAA58A}"
EndProject
Global
	GlobalSection(SolutionConfigurationPlatforms) = preSolution
		Debug|Any CPU = Debug|Any CPU
		Release|Any CPU = Release|Any CPU
	EndGlobalSection
	GlobalSection(ProjectConfigurationPlatforms) = postSolution
		{8611537D-98A5-49F2-9A3E-86D53AAAA58A}.Debug|Any CPU.ActiveCfg = Debug|Any CPU
		{8611537D-98A5-49F2-9A3E-86D53AAAA58A}.Debug|Any CPU.Build.0 = Debug|Any CPU
		{8611537D-98A5-49F2-9A3E-86D53AAAA58A}.Release|Any CPU.ActiveCfg = Release|Any CPU
		{8611537D-98A5-49F2-9A3E-86D53AAAA58A}.Release|Any CPU.Build.0 = Release|Any CPU
	EndGlobalSection
	GlobalSection(SolutionProperties) = preSolution
		HideSolutionNode = FALSE
	EndGlobalSection
EndGlobal
