
Microsoft Visual Studio Solution File, Format Version 11.00
# Visual Studio 2010
Project("{FAE04EC0-301F-11D3-BF4B-00C04F79EFBC}") = "Chart Color Settings Sample", "Chart Color Settings Sample\Chart Color Settings Sample.csproj", "{674C7AC1-14E4-4CDB-B96E-7FA16A2026CC}"
EndProject
Global
	GlobalSection(SolutionConfigurationPlatforms) = preSolution
		Debug|Any CPU = Debug|Any CPU
		Release|Any CPU = Release|Any CPU
	EndGlobalSection
	GlobalSection(ProjectConfigurationPlatforms) = postSolution
		{674C7AC1-14E4-4CDB-B96E-7FA16A2026CC}.Debug|Any CPU.ActiveCfg = Debug|Any CPU
		{674C7AC1-14E4-4CDB-B96E-7FA16A2026CC}.Debug|Any CPU.Build.0 = Debug|Any CPU
		{674C7AC1-14E4-4CDB-B96E-7FA16A2026CC}.Release|Any CPU.ActiveCfg = Release|Any CPU
		{674C7AC1-14E4-4CDB-B96E-7FA16A2026CC}.Release|Any CPU.Build.0 = Release|Any CPU
	EndGlobalSection
	GlobalSection(SolutionProperties) = preSolution
		HideSolutionNode = FALSE
	EndGlobalSection
EndGlobal
