
Microsoft Visual Studio Solution File, Format Version 12.00
# Visual Studio Version 16
VisualStudioVersion = 16.0.30011.22
MinimumVisualStudioVersion = 10.0.40219.1
Project("{FAE04EC0-301F-11D3-BF4B-00C04F79EFBC}") = "BarClosed Example", "BarClosed Example\BarClosed Example.csproj", "{9a27c2b0-c67d-485b-a31d-b4f4dfabad1f}"
EndProject
Global
	GlobalSection(SolutionConfigurationPlatforms) = preSolution
		Debug|Any CPU = Debug|Any CPU
		Release|Any CPU = Release|Any CPU
	EndGlobalSection
	GlobalSection(ProjectConfigurationPlatforms) = postSolution
		{9a27c2b0-c67d-485b-a31d-b4f4dfabad1f}.Debug|Any CPU.ActiveCfg = Debug|Any CPU
		{9a27c2b0-c67d-485b-a31d-b4f4dfabad1f}.Debug|Any CPU.Build.0 = Debug|Any CPU
		{9a27c2b0-c67d-485b-a31d-b4f4dfabad1f}.Release|Any CPU.ActiveCfg = Release|Any CPU
		{9a27c2b0-c67d-485b-a31d-b4f4dfabad1f}.Release|Any CPU.Build.0 = Release|Any CPU
	EndGlobalSection
	GlobalSection(SolutionProperties) = preSolution
		HideSolutionNode = FALSE
	EndGlobalSection
EndGlobal
