
Microsoft Visual Studio Solution File, Format Version 11.00
# Visual Studio 2010
Project("{FAE04EC0-301F-11D3-BF4B-00C04F79EFBC}") = "Orientation Sample", "Orientation Sample\Orientation Sample.csproj", "{5B75E597-0AB9-4ACC-8E59-02870182DDD3}"
EndProject
Global
	GlobalSection(SolutionConfigurationPlatforms) = preSolution
		Debug|Any CPU = Debug|Any CPU
		Release|Any CPU = Release|Any CPU
	EndGlobalSection
	GlobalSection(ProjectConfigurationPlatforms) = postSolution
		{5B75E597-0AB9-4ACC-8E59-02870182DDD3}.Debug|Any CPU.ActiveCfg = Debug|Any CPU
		{5B75E597-0AB9-4ACC-8E59-02870182DDD3}.Debug|Any CPU.Build.0 = Debug|Any CPU
		{5B75E597-0AB9-4ACC-8E59-02870182DDD3}.Release|Any CPU.ActiveCfg = Release|Any CPU
		{5B75E597-0AB9-4ACC-8E59-02870182DDD3}.Release|Any CPU.Build.0 = Release|Any CPU
	EndGlobalSection
	GlobalSection(SolutionProperties) = preSolution
		HideSolutionNode = FALSE
	EndGlobalSection
EndGlobal
