
Microsoft Visual Studio Solution File, Format Version 11.00
# Visual Studio 2010
Project("{FAE04EC0-301F-11D3-BF4B-00C04F79EFBC}") = "TradeOperation Sample", "TradeOperation Sample\TradeOperation Sample.csproj", "{203614BA-466D-4B0F-BF5A-F4C5FBD7F997}"
EndProject
Global
	GlobalSection(SolutionConfigurationPlatforms) = preSolution
		Debug|Any CPU = Debug|Any CPU
		Release|Any CPU = Release|Any CPU
	EndGlobalSection
	GlobalSection(ProjectConfigurationPlatforms) = postSolution
		{203614BA-466D-4B0F-BF5A-F4C5FBD7F997}.Debug|Any CPU.ActiveCfg = Debug|Any CPU
		{203614BA-466D-4B0F-BF5A-F4C5FBD7F997}.Debug|Any CPU.Build.0 = Debug|Any CPU
		{203614BA-466D-4B0F-BF5A-F4C5FBD7F997}.Release|Any CPU.ActiveCfg = Release|Any CPU
		{203614BA-466D-4B0F-BF5A-F4C5FBD7F997}.Release|Any CPU.Build.0 = Release|Any CPU
	EndGlobalSection
	GlobalSection(SolutionProperties) = preSolution
		HideSolutionNode = FALSE
	EndGlobalSection
EndGlobal
