
Microsoft Visual Studio Solution File, Format Version 12.00
# Visual Studio Version 16
VisualStudioVersion = 16.0.30011.22
MinimumVisualStudioVersion = 10.0.40219.1
Project("{FAE04EC0-301F-11D3-BF4B-00C04F79EFBC}") = "Change Button Color on 1 min", "Change Button Color on 1 min\Change Button Color on 1 min.csproj", "{f03587b7-f825-453a-8c83-b4d270cfafd6}"
EndProject
Global
	GlobalSection(SolutionConfigurationPlatforms) = preSolution
		Debug|Any CPU = Debug|Any CPU
		Release|Any CPU = Release|Any CPU
	EndGlobalSection
	GlobalSection(ProjectConfigurationPlatforms) = postSolution
		{f03587b7-f825-453a-8c83-b4d270cfafd6}.Debug|Any CPU.ActiveCfg = Debug|Any CPU
		{f03587b7-f825-453a-8c83-b4d270cfafd6}.Debug|Any CPU.Build.0 = Debug|Any CPU
		{f03587b7-f825-453a-8c83-b4d270cfafd6}.Release|Any CPU.ActiveCfg = Release|Any CPU
		{f03587b7-f825-453a-8c83-b4d270cfafd6}.Release|Any CPU.Build.0 = Release|Any CPU
	EndGlobalSection
	GlobalSection(SolutionProperties) = preSolution
		HideSolutionNode = FALSE
	EndGlobalSection
EndGlobal
