
Microsoft Visual Studio Solution File, Format Version 11.00
# Visual Studio 2010
Project("{FAE04EC0-301F-11D3-BF4B-00C04F79EFBC}") = "Chart Sample", "Chart Sample\Chart Sample.csproj", "{CCBDAD31-1AA9-43B3-90BE-AC3E3221FBB6}"
EndProject
Global
	GlobalSection(SolutionConfigurationPlatforms) = preSolution
		Debug|Any CPU = Debug|Any CPU
		Release|Any CPU = Release|Any CPU
	EndGlobalSection
	GlobalSection(ProjectConfigurationPlatforms) = postSolution
		{CCBDAD31-1AA9-43B3-90BE-AC3E3221FBB6}.Debug|Any CPU.ActiveCfg = Debug|Any CPU
		{CCBDAD31-1AA9-43B3-90BE-AC3E3221FBB6}.Debug|Any CPU.Build.0 = Debug|Any CPU
		{CCBDAD31-1AA9-43B3-90BE-AC3E3221FBB6}.Release|Any CPU.ActiveCfg = Release|Any CPU
		{CCBDAD31-1AA9-43B3-90BE-AC3E3221FBB6}.Release|Any CPU.Build.0 = Release|Any CPU
	EndGlobalSection
	GlobalSection(SolutionProperties) = preSolution
		HideSolutionNode = FALSE
	EndGlobalSection
EndGlobal
