
Microsoft Visual Studio Solution File, Format Version 11.00
# Visual Studio 2010
Project("{FAE04EC0-301F-11D3-BF4B-00C04F79EFBC}") = "Chart Icon Sample", "Chart Icon Sample\Chart Icon Sample.csproj", "{2A06958A-2BD5-407E-A398-A8EE2DDC8217}"
EndProject
Global
	GlobalSection(SolutionConfigurationPlatforms) = preSolution
		Debug|Any CPU = Debug|Any CPU
		Release|Any CPU = Release|Any CPU
	EndGlobalSection
	GlobalSection(ProjectConfigurationPlatforms) = postSolution
		{2A06958A-2BD5-407E-A398-A8EE2DDC8217}.Debug|Any CPU.ActiveCfg = Debug|Any CPU
		{2A06958A-2BD5-407E-A398-A8EE2DDC8217}.Debug|Any CPU.Build.0 = Debug|Any CPU
		{2A06958A-2BD5-407E-A398-A8EE2DDC8217}.Release|Any CPU.ActiveCfg = Release|Any CPU
		{2A06958A-2BD5-407E-A398-A8EE2DDC8217}.Release|Any CPU.Build.0 = Release|Any CPU
	EndGlobalSection
	GlobalSection(SolutionProperties) = preSolution
		HideSolutionNode = FALSE
	EndGlobalSection
EndGlobal
