
Microsoft Visual Studio Solution File, Format Version 12.00
# Visual Studio Version 16
VisualStudioVersion = 16.0.30011.22
MinimumVisualStudioVersion = 10.0.40219.1
Project("{FAE04EC0-301F-11D3-BF4B-00C04F79EFBC}") = "OpenFolderDialog Sample", "OpenFolderDialog Sample\OpenFolderDialog Sample.csproj", "{96cc103a-7c47-4eb7-bfbd-0749bd22e097}"
EndProject
Global
	GlobalSection(SolutionConfigurationPlatforms) = preSolution
		Debug|Any CPU = Debug|Any CPU
		Release|Any CPU = Release|Any CPU
	EndGlobalSection
	GlobalSection(ProjectConfigurationPlatforms) = postSolution
		{96cc103a-7c47-4eb7-bfbd-0749bd22e097}.Debug|Any CPU.ActiveCfg = Debug|Any CPU
		{96cc103a-7c47-4eb7-bfbd-0749bd22e097}.Debug|Any CPU.Build.0 = Debug|Any CPU
		{96cc103a-7c47-4eb7-bfbd-0749bd22e097}.Release|Any CPU.ActiveCfg = Release|Any CPU
		{96cc103a-7c47-4eb7-bfbd-0749bd22e097}.Release|Any CPU.Build.0 = Release|Any CPU
	EndGlobalSection
	GlobalSection(SolutionProperties) = preSolution
		HideSolutionNode = FALSE
	EndGlobalSection
EndGlobal
