
Microsoft Visual Studio Solution File, Format Version 12.00
# Visual Studio Version 16
VisualStudioVersion = 16.0.31729.503
MinimumVisualStudioVersion = 10.0.40219.1
Project("{9A19103F-16F7-4668-BE54-9A1E7A4F7556}") = "Sample RSI cBot", "Sample RSI cBot\Sample RSI cBot.csproj", "{983B44CE-3B5A-48EA-9424-11C79826CAD2}"
EndProject
Global
	GlobalSection(SolutionConfigurationPlatforms) = preSolution
		Debug|Any CPU = Debug|Any CPU
		Release|Any CPU = Release|Any CPU
	EndGlobalSection
	GlobalSection(ProjectConfigurationPlatforms) = postSolution
		{983B44CE-3B5A-48EA-9424-11C79826CAD2}.Debug|Any CPU.ActiveCfg = Debug|Any CPU
		{983B44CE-3B5A-48EA-9424-11C79826CAD2}.Debug|Any CPU.Build.0 = Debug|Any CPU
		{983B44CE-3B5A-48EA-9424-11C79826CAD2}.Release|Any CPU.ActiveCfg = Release|Any CPU
		{983B44CE-3B5A-48EA-9424-11C79826CAD2}.Release|Any CPU.Build.0 = Release|Any CPU
	EndGlobalSection
	GlobalSection(SolutionProperties) = preSolution
		HideSolutionNode = FALSE
	EndGlobalSection
	GlobalSection(ExtensibilityGlobals) = postSolution
		SolutionGuid = {8E5A48BD-8982-4BF9-AF97-C1B6B30746DF}
	EndGlobalSection
EndGlobal
