
Microsoft Visual Studio Solution File, Format Version 12.00
# Visual Studio Version 16
VisualStudioVersion = 16.0.30011.22
MinimumVisualStudioVersion = 10.0.40219.1
Project("{FAE04EC0-301F-11D3-BF4B-00C04F79EFBC}") = "WebViewOnWindow", "WebViewOnWindow\WebViewOnWindow.csproj", "{df19a568-2d10-4fa3-8e23-1a073d82b1f9}"
EndProject
Global
	GlobalSection(SolutionConfigurationPlatforms) = preSolution
		Debug|Any CPU = Debug|Any CPU
		Release|Any CPU = Release|Any CPU
	EndGlobalSection
	GlobalSection(ProjectConfigurationPlatforms) = postSolution
		{df19a568-2d10-4fa3-8e23-1a073d82b1f9}.Debug|Any CPU.ActiveCfg = Debug|Any CPU
		{df19a568-2d10-4fa3-8e23-1a073d82b1f9}.Debug|Any CPU.Build.0 = Debug|Any CPU
		{df19a568-2d10-4fa3-8e23-1a073d82b1f9}.Release|Any CPU.ActiveCfg = Release|Any CPU
		{df19a568-2d10-4fa3-8e23-1a073d82b1f9}.Release|Any CPU.Build.0 = Release|Any CPU
	EndGlobalSection
	GlobalSection(SolutionProperties) = preSolution
		HideSolutionNode = FALSE
	EndGlobalSection
EndGlobal
