
Microsoft Visual Studio Solution File, Format Version 12.00
# Visual Studio Version 16
VisualStudioVersion = 16.0.31729.503
MinimumVisualStudioVersion = 10.0.40219.1
Project("{9A19103F-16F7-4668-BE54-9A1E7A4F7556}") = "Sample Advanced Take Profit", "Sample Advanced Take Profit\Sample Advanced Take Profit.csproj", "{79CA3B7D-DD3A-4C2E-B933-9008341517DF}"
EndProject
Global
	GlobalSection(SolutionConfigurationPlatforms) = preSolution
		Debug|Any CPU = Debug|Any CPU
		Release|Any CPU = Release|Any CPU
	EndGlobalSection
	GlobalSection(ProjectConfigurationPlatforms) = postSolution
		{79CA3B7D-DD3A-4C2E-B933-9008341517DF}.Debug|Any CPU.ActiveCfg = Debug|Any CPU
		{79CA3B7D-DD3A-4C2E-B933-9008341517DF}.Debug|Any CPU.Build.0 = Debug|Any CPU
		{79CA3B7D-DD3A-4C2E-B933-9008341517DF}.Release|Any CPU.ActiveCfg = Release|Any CPU
		{79CA3B7D-DD3A-4C2E-B933-9008341517DF}.Release|Any CPU.Build.0 = Release|Any CPU
	EndGlobalSection
	GlobalSection(SolutionProperties) = preSolution
		HideSolutionNode = FALSE
	EndGlobalSection
	GlobalSection(ExtensibilityGlobals) = postSolution
		SolutionGuid = {E5CB0714-1E0A-4372-9C31-4E4FBEF1BBD1}
	EndGlobalSection
EndGlobal
