
Microsoft Visual Studio Solution File, Format Version 11.00
# Visual Studio 2010
Project("{FAE04EC0-301F-11D3-BF4B-00C04F79EFBC}") = "Fibonacci Expansion Sample", "Fibonacci Expansion Sample\Fibonacci Expansion Sample.csproj", "{8EB515C4-2150-4021-ACF5-EF40B2B9C34B}"
EndProject
Global
	GlobalSection(SolutionConfigurationPlatforms) = preSolution
		Debug|Any CPU = Debug|Any CPU
		Release|Any CPU = Release|Any CPU
	EndGlobalSection
	GlobalSection(ProjectConfigurationPlatforms) = postSolution
		{8EB515C4-2150-4021-ACF5-EF40B2B9C34B}.Debug|Any CPU.ActiveCfg = Debug|Any CPU
		{8EB515C4-2150-4021-ACF5-EF40B2B9C34B}.Debug|Any CPU.Build.0 = Debug|Any CPU
		{8EB515C4-2150-4021-ACF5-EF40B2B9C34B}.Release|Any CPU.ActiveCfg = Release|Any CPU
		{8EB515C4-2150-4021-ACF5-EF40B2B9C34B}.Release|Any CPU.Build.0 = Release|Any CPU
	EndGlobalSection
	GlobalSection(SolutionProperties) = preSolution
		HideSolutionNode = FALSE
	EndGlobalSection
EndGlobal
