
Microsoft Visual Studio Solution File, Format Version 11.00
# Visual Studio 2010
Project("{FAE04EC0-301F-11D3-BF4B-00C04F79EFBC}") = "Indicator Data Series Sample", "Indicator Data Series Sample\Indicator Data Series Sample.csproj", "{74BB4E14-35E6-4954-B1B4-AF3E0D4EF2D5}"
EndProject
Global
	GlobalSection(SolutionConfigurationPlatforms) = preSolution
		Debug|Any CPU = Debug|Any CPU
		Release|Any CPU = Release|Any CPU
	EndGlobalSection
	GlobalSection(ProjectConfigurationPlatforms) = postSolution
		{74BB4E14-35E6-4954-B1B4-AF3E0D4EF2D5}.Debug|Any CPU.ActiveCfg = Debug|Any CPU
		{74BB4E14-35E6-4954-B1B4-AF3E0D4EF2D5}.Debug|Any CPU.Build.0 = Debug|Any CPU
		{74BB4E14-35E6-4954-B1B4-AF3E0D4EF2D5}.Release|Any CPU.ActiveCfg = Release|Any CPU
		{74BB4E14-35E6-4954-B1B4-AF3E0D4EF2D5}.Release|Any CPU.Build.0 = Release|Any CPU
	EndGlobalSection
	GlobalSection(SolutionProperties) = preSolution
		HideSolutionNode = FALSE
	EndGlobalSection
EndGlobal
