
Microsoft Visual Studio Solution File, Format Version 12.00
# Visual Studio Version 16
VisualStudioVersion = 16.0.30011.22
MinimumVisualStudioVersion = 10.0.40219.1
Project("{FAE04EC0-301F-11D3-BF4B-00C04F79EFBC}") = "All placements", "All placements\All placements.csproj", "{286820c2-492a-46d8-961c-1aa2b0bea6e0}"
EndProject
Global
	GlobalSection(SolutionConfigurationPlatforms) = preSolution
		Debug|Any CPU = Debug|Any CPU
		Release|Any CPU = Release|Any CPU
	EndGlobalSection
	GlobalSection(ProjectConfigurationPlatforms) = postSolution
		{286820c2-492a-46d8-961c-1aa2b0bea6e0}.Debug|Any CPU.ActiveCfg = Debug|Any CPU
		{286820c2-492a-46d8-961c-1aa2b0bea6e0}.Debug|Any CPU.Build.0 = Debug|Any CPU
		{286820c2-492a-46d8-961c-1aa2b0bea6e0}.Release|Any CPU.ActiveCfg = Release|Any CPU
		{286820c2-492a-46d8-961c-1aa2b0bea6e0}.Release|Any CPU.Build.0 = Release|Any CPU
	EndGlobalSection
	GlobalSection(SolutionProperties) = preSolution
		HideSolutionNode = FALSE
	EndGlobalSection
EndGlobal
