
Microsoft Visual Studio Solution File, Format Version 11.00
# Visual Studio 2010
Project("{FAE04EC0-301F-11D3-BF4B-00C04F79EFBC}") = "Multi TP Bot", "Multi TP Bot\Multi TP Bot.csproj", "{B823C568-B4B9-4293-AB5F-A148DD0859E8}"
EndProject
Global
	GlobalSection(SolutionConfigurationPlatforms) = preSolution
		Debug|Any CPU = Debug|Any CPU
		Release|Any CPU = Release|Any CPU
	EndGlobalSection
	GlobalSection(ProjectConfigurationPlatforms) = postSolution
		{B823C568-B4B9-4293-AB5F-A148DD0859E8}.Debug|Any CPU.ActiveCfg = Debug|Any CPU
		{B823C568-B4B9-4293-AB5F-A148DD0859E8}.Debug|Any CPU.Build.0 = Debug|Any CPU
		{B823C568-B4B9-4293-AB5F-A148DD0859E8}.Release|Any CPU.ActiveCfg = Release|Any CPU
		{B823C568-B4B9-4293-AB5F-A148DD0859E8}.Release|Any CPU.Build.0 = Release|Any CPU
	EndGlobalSection
	GlobalSection(SolutionProperties) = preSolution
		HideSolutionNode = FALSE
	EndGlobalSection
EndGlobal
