
Microsoft Visual Studio Solution File, Format Version 11.00
# Visual Studio 2010
Project("{FAE04EC0-301F-11D3-BF4B-00C04F79EFBC}") = "Chart Triangle Sample", "Chart Triangle Sample\Chart Triangle Sample.csproj", "{AFAD7C01-F063-46C6-8AF7-0252200F924E}"
EndProject
Global
	GlobalSection(SolutionConfigurationPlatforms) = preSolution
		Debug|Any CPU = Debug|Any CPU
		Release|Any CPU = Release|Any CPU
	EndGlobalSection
	GlobalSection(ProjectConfigurationPlatforms) = postSolution
		{AFAD7C01-F063-46C6-8AF7-0252200F924E}.Debug|Any CPU.ActiveCfg = Debug|Any CPU
		{AFAD7C01-F063-46C6-8AF7-0252200F924E}.Debug|Any CPU.Build.0 = Debug|Any CPU
		{AFAD7C01-F063-46C6-8AF7-0252200F924E}.Release|Any CPU.ActiveCfg = Release|Any CPU
		{AFAD7C01-F063-46C6-8AF7-0252200F924E}.Release|Any CPU.Build.0 = Release|Any CPU
	EndGlobalSection
	GlobalSection(SolutionProperties) = preSolution
		HideSolutionNode = FALSE
	EndGlobalSection
EndGlobal
