
Microsoft Visual Studio Solution File, Format Version 12.00
# Visual Studio Version 16
VisualStudioVersion = 16.0.30011.22
MinimumVisualStudioVersion = 10.0.40219.1
Project("{FAE04EC0-301F-11D3-BF4B-00C04F79EFBC}") = "SymbolsSample", "SymbolsSample\SymbolsSample.csproj", "{adb4cfb3-8471-47ea-8a12-192719127faa}"
EndProject
Global
	GlobalSection(SolutionConfigurationPlatforms) = preSolution
		Debug|Any CPU = Debug|Any CPU
		Release|Any CPU = Release|Any CPU
	EndGlobalSection
	GlobalSection(ProjectConfigurationPlatforms) = postSolution
		{adb4cfb3-8471-47ea-8a12-192719127faa}.Debug|Any CPU.ActiveCfg = Debug|Any CPU
		{adb4cfb3-8471-47ea-8a12-192719127faa}.Debug|Any CPU.Build.0 = Debug|Any CPU
		{adb4cfb3-8471-47ea-8a12-192719127faa}.Release|Any CPU.ActiveCfg = Release|Any CPU
		{adb4cfb3-8471-47ea-8a12-192719127faa}.Release|Any CPU.Build.0 = Release|Any CPU
	EndGlobalSection
	GlobalSection(SolutionProperties) = preSolution
		HideSolutionNode = FALSE
	EndGlobalSection
EndGlobal
