
Microsoft Visual Studio Solution File, Format Version 11.00
# Visual Studio 2010
Project("{FAE04EC0-301F-11D3-BF4B-00C04F79EFBC}") = "Position Closing Sample", "Position Closing Sample\Position Closing Sample.csproj", "{D14F7FDF-A1C3-41A8-9666-244A521F8B4F}"
EndProject
Global
	GlobalSection(SolutionConfigurationPlatforms) = preSolution
		Debug|Any CPU = Debug|Any CPU
		Release|Any CPU = Release|Any CPU
	EndGlobalSection
	GlobalSection(ProjectConfigurationPlatforms) = postSolution
		{D14F7FDF-A1C3-41A8-9666-244A521F8B4F}.Debug|Any CPU.ActiveCfg = Debug|Any CPU
		{D14F7FDF-A1C3-41A8-9666-244A521F8B4F}.Debug|Any CPU.Build.0 = Debug|Any CPU
		{D14F7FDF-A1C3-41A8-9666-244A521F8B4F}.Release|Any CPU.ActiveCfg = Release|Any CPU
		{D14F7FDF-A1C3-41A8-9666-244A521F8B4F}.Release|Any CPU.Build.0 = Release|Any CPU
	EndGlobalSection
	GlobalSection(SolutionProperties) = preSolution
		HideSolutionNode = FALSE
	EndGlobalSection
EndGlobal
