
Microsoft Visual Studio Solution File, Format Version 11.00
# Visual Studio 2010
Project("{FAE04EC0-301F-11D3-BF4B-00C04F79EFBC}") = "ButtonClickEventArgs Sample", "ButtonClickEventArgs Sample\ButtonClickEventArgs Sample.csproj", "{9C3C5EB4-B8E6-4B23-97A6-D540555001D9}"
EndProject
Global
	GlobalSection(SolutionConfigurationPlatforms) = preSolution
		Debug|Any CPU = Debug|Any CPU
		Release|Any CPU = Release|Any CPU
	EndGlobalSection
	GlobalSection(ProjectConfigurationPlatforms) = postSolution
		{9C3C5EB4-B8E6-4B23-97A6-D540555001D9}.Debug|Any CPU.ActiveCfg = Debug|Any CPU
		{9C3C5EB4-B8E6-4B23-97A6-D540555001D9}.Debug|Any CPU.Build.0 = Debug|Any CPU
		{9C3C5EB4-B8E6-4B23-97A6-D540555001D9}.Release|Any CPU.ActiveCfg = Release|Any CPU
		{9C3C5EB4-B8E6-4B23-97A6-D540555001D9}.Release|Any CPU.Build.0 = Release|Any CPU
	EndGlobalSection
	GlobalSection(SolutionProperties) = preSolution
		HideSolutionNode = FALSE
	EndGlobalSection
EndGlobal
