
Microsoft Visual Studio Solution File, Format Version 12.00
# Visual Studio Version 16
VisualStudioVersion = 16.0.30011.22
MinimumVisualStudioVersion = 10.0.40219.1
Project("{FAE04EC0-301F-11D3-BF4B-00C04F79EFBC}") = "Custom Window Plugin", "Custom Window Plugin\Custom Window Plugin.csproj", "{65dfd7f6-65ba-4aed-bc96-051f978f3662}"
EndProject
Global
	GlobalSection(SolutionConfigurationPlatforms) = preSolution
		Debug|Any CPU = Debug|Any CPU
		Release|Any CPU = Release|Any CPU
	EndGlobalSection
	GlobalSection(ProjectConfigurationPlatforms) = postSolution
		{65dfd7f6-65ba-4aed-bc96-051f978f3662}.Debug|Any CPU.ActiveCfg = Debug|Any CPU
		{65dfd7f6-65ba-4aed-bc96-051f978f3662}.Debug|Any CPU.Build.0 = Debug|Any CPU
		{65dfd7f6-65ba-4aed-bc96-051f978f3662}.Release|Any CPU.ActiveCfg = Release|Any CPU
		{65dfd7f6-65ba-4aed-bc96-051f978f3662}.Release|Any CPU.Build.0 = Release|Any CPU
	EndGlobalSection
	GlobalSection(SolutionProperties) = preSolution
		HideSolutionNode = FALSE
	EndGlobalSection
EndGlobal
