
Microsoft Visual Studio Solution File, Format Version 12.00
# Visual Studio Version 16
VisualStudioVersion = 16.0.30011.22
MinimumVisualStudioVersion = 10.0.40219.1
Project("{FAE04EC0-301F-11D3-BF4B-00C04F79EFBC}") = "ASP Section Example", "ASP Section Example\ASP Section Example.csproj", "{2433362c-fa44-4c5a-89b5-3eb7e8057cbe}"
EndProject
Global
	GlobalSection(SolutionConfigurationPlatforms) = preSolution
		Debug|Any CPU = Debug|Any CPU
		Release|Any CPU = Release|Any CPU
	EndGlobalSection
	GlobalSection(ProjectConfigurationPlatforms) = postSolution
		{2433362c-fa44-4c5a-89b5-3eb7e8057cbe}.Debug|Any CPU.ActiveCfg = Debug|Any CPU
		{2433362c-fa44-4c5a-89b5-3eb7e8057cbe}.Debug|Any CPU.Build.0 = Debug|Any CPU
		{2433362c-fa44-4c5a-89b5-3eb7e8057cbe}.Release|Any CPU.ActiveCfg = Release|Any CPU
		{2433362c-fa44-4c5a-89b5-3eb7e8057cbe}.Release|Any CPU.Build.0 = Release|Any CPU
	EndGlobalSection
	GlobalSection(SolutionProperties) = preSolution
		HideSolutionNode = FALSE
	EndGlobalSection
EndGlobal
