
Microsoft Visual Studio Solution File, Format Version 12.00
# Visual Studio Version 16
VisualStudioVersion = 16.0.30011.22
MinimumVisualStudioVersion = 10.0.40219.1
Project("{FAE04EC0-301F-11D3-BF4B-00C04F79EFBC}") = "Stochastic Oscillator", "Stochastic Oscillator\Stochastic Oscillator.csproj", "{94b97dc5-f3ce-4be3-a28d-180d38ec9e46}"
EndProject
Global
	GlobalSection(SolutionConfigurationPlatforms) = preSolution
		Debug|Any CPU = Debug|Any CPU
		Release|Any CPU = Release|Any CPU
	EndGlobalSection
	GlobalSection(ProjectConfigurationPlatforms) = postSolution
		{94b97dc5-f3ce-4be3-a28d-180d38ec9e46}.Debug|Any CPU.ActiveCfg = Debug|Any CPU
		{94b97dc5-f3ce-4be3-a28d-180d38ec9e46}.Debug|Any CPU.Build.0 = Debug|Any CPU
		{94b97dc5-f3ce-4be3-a28d-180d38ec9e46}.Release|Any CPU.ActiveCfg = Release|Any CPU
		{94b97dc5-f3ce-4be3-a28d-180d38ec9e46}.Release|Any CPU.Build.0 = Release|Any CPU
	EndGlobalSection
	GlobalSection(SolutionProperties) = preSolution
		HideSolutionNode = FALSE
	EndGlobalSection
EndGlobal
