
Microsoft Visual Studio Solution File, Format Version 12.00
# Visual Studio Version 16
VisualStudioVersion = 16.0.30011.22
MinimumVisualStudioVersion = 10.0.40219.1
Project("{FAE04EC0-301F-11D3-BF4B-00C04F79EFBC}") = "CustomHandlers Example", "CustomHandlers Example\CustomHandlers Example.csproj", "{1fe8d3ac-8775-4f01-bbe6-51cf8a4a86b4}"
EndProject
Global
	GlobalSection(SolutionConfigurationPlatforms) = preSolution
		Debug|Any CPU = Debug|Any CPU
		Release|Any CPU = Release|Any CPU
	EndGlobalSection
	GlobalSection(ProjectConfigurationPlatforms) = postSolution
		{1fe8d3ac-8775-4f01-bbe6-51cf8a4a86b4}.Debug|Any CPU.ActiveCfg = Debug|Any CPU
		{1fe8d3ac-8775-4f01-bbe6-51cf8a4a86b4}.Debug|Any CPU.Build.0 = Debug|Any CPU
		{1fe8d3ac-8775-4f01-bbe6-51cf8a4a86b4}.Release|Any CPU.ActiveCfg = Release|Any CPU
		{1fe8d3ac-8775-4f01-bbe6-51cf8a4a86b4}.Release|Any CPU.Build.0 = Release|Any CPU
	EndGlobalSection
	GlobalSection(SolutionProperties) = preSolution
		HideSolutionNode = FALSE
	EndGlobalSection
EndGlobal
