
Microsoft Visual Studio Solution File, Format Version 12.00
# Visual Studio Version 16
VisualStudioVersion = 16.0.30011.22
MinimumVisualStudioVersion = 10.0.40219.1
Project("{FAE04EC0-301F-11D3-BF4B-00C04F79EFBC}") = "Ichimoku Kinko Hyo", "Ichimoku Kinko Hyo\Ichimoku Kinko Hyo.csproj", "{cc98ad8b-ee47-4621-aea6-9d5b8589b2fa}"
EndProject
Global
	GlobalSection(SolutionConfigurationPlatforms) = preSolution
		Debug|Any CPU = Debug|Any CPU
		Release|Any CPU = Release|Any CPU
	EndGlobalSection
	GlobalSection(ProjectConfigurationPlatforms) = postSolution
		{cc98ad8b-ee47-4621-aea6-9d5b8589b2fa}.Debug|Any CPU.ActiveCfg = Debug|Any CPU
		{cc98ad8b-ee47-4621-aea6-9d5b8589b2fa}.Debug|Any CPU.Build.0 = Debug|Any CPU
		{cc98ad8b-ee47-4621-aea6-9d5b8589b2fa}.Release|Any CPU.ActiveCfg = Release|Any CPU
		{cc98ad8b-ee47-4621-aea6-9d5b8589b2fa}.Release|Any CPU.Build.0 = Release|Any CPU
	EndGlobalSection
	GlobalSection(SolutionProperties) = preSolution
		HideSolutionNode = FALSE
	EndGlobalSection
EndGlobal
