
Microsoft Visual Studio Solution File, Format Version 12.00
# Visual Studio Version 16
VisualStudioVersion = 16.0.30011.22
MinimumVisualStudioVersion = 10.0.40219.1
Project("{FAE04EC0-301F-11D3-BF4B-00C04F79EFBC}") = "Fractal Adaptive Moving Average", "Fractal Adaptive Moving Average\Fractal Adaptive Moving Average.csproj", "{f333ec3c-47ec-40c6-a042-14865eba45fd}"
EndProject
Global
	GlobalSection(SolutionConfigurationPlatforms) = preSolution
		Debug|Any CPU = Debug|Any CPU
		Release|Any CPU = Release|Any CPU
	EndGlobalSection
	GlobalSection(ProjectConfigurationPlatforms) = postSolution
		{f333ec3c-47ec-40c6-a042-14865eba45fd}.Debug|Any CPU.ActiveCfg = Debug|Any CPU
		{f333ec3c-47ec-40c6-a042-14865eba45fd}.Debug|Any CPU.Build.0 = Debug|Any CPU
		{f333ec3c-47ec-40c6-a042-14865eba45fd}.Release|Any CPU.ActiveCfg = Release|Any CPU
		{f333ec3c-47ec-40c6-a042-14865eba45fd}.Release|Any CPU.Build.0 = Release|Any CPU
	EndGlobalSection
	GlobalSection(SolutionProperties) = preSolution
		HideSolutionNode = FALSE
	EndGlobalSection
EndGlobal
