
Microsoft Visual Studio Solution File, Format Version 12.00
# Visual Studio Version 16
VisualStudioVersion = 16.0.30011.22
MinimumVisualStudioVersion = 10.0.40219.1
Project("{FAE04EC0-301F-11D3-BF4B-00C04F79EFBC}") = "Money Flow Index", "Money Flow Index\Money Flow Index.csproj", "{4d8440f2-cb15-4515-82ea-2e99e12c79de}"
EndProject
Global
	GlobalSection(SolutionConfigurationPlatforms) = preSolution
		Debug|Any CPU = Debug|Any CPU
		Release|Any CPU = Release|Any CPU
	EndGlobalSection
	GlobalSection(ProjectConfigurationPlatforms) = postSolution
		{4d8440f2-cb15-4515-82ea-2e99e12c79de}.Debug|Any CPU.ActiveCfg = Debug|Any CPU
		{4d8440f2-cb15-4515-82ea-2e99e12c79de}.Debug|Any CPU.Build.0 = Debug|Any CPU
		{4d8440f2-cb15-4515-82ea-2e99e12c79de}.Release|Any CPU.ActiveCfg = Release|Any CPU
		{4d8440f2-cb15-4515-82ea-2e99e12c79de}.Release|Any CPU.Build.0 = Release|Any CPU
	EndGlobalSection
	GlobalSection(SolutionProperties) = preSolution
		HideSolutionNode = FALSE
	EndGlobalSection
EndGlobal
