
Microsoft Visual Studio Solution File, Format Version 12.00
# Visual Studio Version 16
VisualStudioVersion = 16.0.30011.22
MinimumVisualStudioVersion = 10.0.40219.1
Project("{FAE04EC0-301F-11D3-BF4B-00C04F79EFBC}") = "Trade Volume Index", "Trade Volume Index\Trade Volume Index.csproj", "{49c15856-4065-413f-a7af-8d3e7c0994ef}"
EndProject
Global
	GlobalSection(SolutionConfigurationPlatforms) = preSolution
		Debug|Any CPU = Debug|Any CPU
		Release|Any CPU = Release|Any CPU
	EndGlobalSection
	GlobalSection(ProjectConfigurationPlatforms) = postSolution
		{49c15856-4065-413f-a7af-8d3e7c0994ef}.Debug|Any CPU.ActiveCfg = Debug|Any CPU
		{49c15856-4065-413f-a7af-8d3e7c0994ef}.Debug|Any CPU.Build.0 = Debug|Any CPU
		{49c15856-4065-413f-a7af-8d3e7c0994ef}.Release|Any CPU.ActiveCfg = Release|Any CPU
		{49c15856-4065-413f-a7af-8d3e7c0994ef}.Release|Any CPU.Build.0 = Release|Any CPU
	EndGlobalSection
	GlobalSection(SolutionProperties) = preSolution
		HideSolutionNode = FALSE
	EndGlobalSection
EndGlobal
