
Microsoft Visual Studio Solution File, Format Version 12.00
# Visual Studio Version 16
VisualStudioVersion = 16.0.31729.503
MinimumVisualStudioVersion = 10.0.40219.1
Project("{9A19103F-16F7-4668-BE54-9A1E7A4F7556}") = "Sample Breakout cBot", "Sample Breakout cBot\Sample Breakout cBot.csproj", "{CBC7BE7A-81B2-4F14-8B69-B712DD5F759A}"
EndProject
Global
	GlobalSection(SolutionConfigurationPlatforms) = preSolution
		Debug|Any CPU = Debug|Any CPU
		Release|Any CPU = Release|Any CPU
	EndGlobalSection
	GlobalSection(ProjectConfigurationPlatforms) = postSolution
		{CBC7BE7A-81B2-4F14-8B69-B712DD5F759A}.Debug|Any CPU.ActiveCfg = Debug|Any CPU
		{CBC7BE7A-81B2-4F14-8B69-B712DD5F759A}.Debug|Any CPU.Build.0 = Debug|Any CPU
		{CBC7BE7A-81B2-4F14-8B69-B712DD5F759A}.Release|Any CPU.ActiveCfg = Release|Any CPU
		{CBC7BE7A-81B2-4F14-8B69-B712DD5F759A}.Release|Any CPU.Build.0 = Release|Any CPU
	EndGlobalSection
	GlobalSection(SolutionProperties) = preSolution
		HideSolutionNode = FALSE
	EndGlobalSection
	GlobalSection(ExtensibilityGlobals) = postSolution
		SolutionGuid = {C9DB86CA-C93D-40B4-B21C-D4B265B95299}
	EndGlobalSection
EndGlobal
