
Microsoft Visual Studio Solution File, Format Version 12.00
# Visual Studio Version 16
VisualStudioVersion = 16.0.30011.22
MinimumVisualStudioVersion = 10.0.40219.1
Project("{FAE04EC0-301F-11D3-BF4B-00C04F79EFBC}") = "IndicatorTitles Sample", "IndicatorTitles Sample\IndicatorTitles Sample.csproj", "{cdc8ba10-a07e-4728-8543-9711d505e2fd}"
EndProject
Global
	GlobalSection(SolutionConfigurationPlatforms) = preSolution
		Debug|Any CPU = Debug|Any CPU
		Release|Any CPU = Release|Any CPU
	EndGlobalSection
	GlobalSection(ProjectConfigurationPlatforms) = postSolution
		{cdc8ba10-a07e-4728-8543-9711d505e2fd}.Debug|Any CPU.ActiveCfg = Debug|Any CPU
		{cdc8ba10-a07e-4728-8543-9711d505e2fd}.Debug|Any CPU.Build.0 = Debug|Any CPU
		{cdc8ba10-a07e-4728-8543-9711d505e2fd}.Release|Any CPU.ActiveCfg = Release|Any CPU
		{cdc8ba10-a07e-4728-8543-9711d505e2fd}.Release|Any CPU.Build.0 = Release|Any CPU
	EndGlobalSection
	GlobalSection(SolutionProperties) = preSolution
		HideSolutionNode = FALSE
	EndGlobalSection
EndGlobal
