
Microsoft Visual Studio Solution File, Format Version 12.00
# Visual Studio Version 16
VisualStudioVersion = 16.0.30011.22
MinimumVisualStudioVersion = 10.0.40219.1
Project("{FAE04EC0-301F-11D3-BF4B-00C04F79EFBC}") = "WebSocket Sample", "WebSocket Sample\WebSocket Sample.csproj", "{7ad4be87-6ef2-4ce7-a66c-8ee6b97efca5}"
EndProject
Global
	GlobalSection(SolutionConfigurationPlatforms) = preSolution
		Debug|Any CPU = Debug|Any CPU
		Release|Any CPU = Release|Any CPU
	EndGlobalSection
	GlobalSection(ProjectConfigurationPlatforms) = postSolution
		{7ad4be87-6ef2-4ce7-a66c-8ee6b97efca5}.Debug|Any CPU.ActiveCfg = Debug|Any CPU
		{7ad4be87-6ef2-4ce7-a66c-8ee6b97efca5}.Debug|Any CPU.Build.0 = Debug|Any CPU
		{7ad4be87-6ef2-4ce7-a66c-8ee6b97efca5}.Release|Any CPU.ActiveCfg = Release|Any CPU
		{7ad4be87-6ef2-4ce7-a66c-8ee6b97efca5}.Release|Any CPU.Build.0 = Release|Any CPU
	EndGlobalSection
	GlobalSection(SolutionProperties) = preSolution
		HideSolutionNode = FALSE
	EndGlobalSection
EndGlobal
