
Microsoft Visual Studio Solution File, Format Version 12.00
# Visual Studio Version 16
VisualStudioVersion = 16.0.31729.503
MinimumVisualStudioVersion = 10.0.40219.1
Project("{9A19103F-16F7-4668-BE54-9A1E7A4F7556}") = "Sample Bulls Power", "Sample Bulls Power\Sample Bulls Power.csproj", "{DEFFA144-B39B-4DC8-89F6-79B28D235012}"
EndProject
Global
	GlobalSection(SolutionConfigurationPlatforms) = preSolution
		Debug|Any CPU = Debug|Any CPU
		Release|Any CPU = Release|Any CPU
	EndGlobalSection
	GlobalSection(ProjectConfigurationPlatforms) = postSolution
		{DEFFA144-B39B-4DC8-89F6-79B28D235012}.Debug|Any CPU.ActiveCfg = Debug|Any CPU
		{DEFFA144-B39B-4DC8-89F6-79B28D235012}.Debug|Any CPU.Build.0 = Debug|Any CPU
		{DEFFA144-B39B-4DC8-89F6-79B28D235012}.Release|Any CPU.ActiveCfg = Release|Any CPU
		{DEFFA144-B39B-4DC8-89F6-79B28D235012}.Release|Any CPU.Build.0 = Release|Any CPU
	EndGlobalSection
	GlobalSection(SolutionProperties) = preSolution
		HideSolutionNode = FALSE
	EndGlobalSection
	GlobalSection(ExtensibilityGlobals) = postSolution
		SolutionGuid = {8BE518C6-1636-48D4-BA7A-CAE50E5D6353}
	EndGlobalSection
EndGlobal
