
Microsoft Visual Studio Solution File, Format Version 12.00
# Visual Studio Version 16
VisualStudioVersion = 16.0.30011.22
MinimumVisualStudioVersion = 10.0.40219.1
Project("{FAE04EC0-301F-11D3-BF4B-00C04F79EFBC}") = "Directional Movement System", "Directional Movement System\Directional Movement System.csproj", "{13696fe3-2397-45b5-902a-4875953a9fac}"
EndProject
Global
	GlobalSection(SolutionConfigurationPlatforms) = preSolution
		Debug|Any CPU = Debug|Any CPU
		Release|Any CPU = Release|Any CPU
	EndGlobalSection
	GlobalSection(ProjectConfigurationPlatforms) = postSolution
		{13696fe3-2397-45b5-902a-4875953a9fac}.Debug|Any CPU.ActiveCfg = Debug|Any CPU
		{13696fe3-2397-45b5-902a-4875953a9fac}.Debug|Any CPU.Build.0 = Debug|Any CPU
		{13696fe3-2397-45b5-902a-4875953a9fac}.Release|Any CPU.ActiveCfg = Release|Any CPU
		{13696fe3-2397-45b5-902a-4875953a9fac}.Release|Any CPU.Build.0 = Release|Any CPU
	EndGlobalSection
	GlobalSection(SolutionProperties) = preSolution
		HideSolutionNode = FALSE
	EndGlobalSection
EndGlobal
