
Microsoft Visual Studio Solution File, Format Version 12.00
# Visual Studio Version 16
VisualStudioVersion = 16.0.31729.503
MinimumVisualStudioVersion = 10.0.40219.1
Project("{9A19103F-16F7-4668-BE54-9A1E7A4F7556}") = "Sample Price Channels", "Sample Price Channels\Sample Price Channels.csproj", "{352AA4CE-9530-4132-B500-F2809A0EEBB7}"
EndProject
Global
	GlobalSection(SolutionConfigurationPlatforms) = preSolution
		Debug|Any CPU = Debug|Any CPU
		Release|Any CPU = Release|Any CPU
	EndGlobalSection
	GlobalSection(ProjectConfigurationPlatforms) = postSolution
		{352AA4CE-9530-4132-B500-F2809A0EEBB7}.Debug|Any CPU.ActiveCfg = Debug|Any CPU
		{352AA4CE-9530-4132-B500-F2809A0EEBB7}.Debug|Any CPU.Build.0 = Debug|Any CPU
		{352AA4CE-9530-4132-B500-F2809A0EEBB7}.Release|Any CPU.ActiveCfg = Release|Any CPU
		{352AA4CE-9530-4132-B500-F2809A0EEBB7}.Release|Any CPU.Build.0 = Release|Any CPU
	EndGlobalSection
	GlobalSection(SolutionProperties) = preSolution
		HideSolutionNode = FALSE
	EndGlobalSection
	GlobalSection(ExtensibilityGlobals) = postSolution
		SolutionGuid = {AE838552-C7FC-4153-AD99-5C69B0E8E315}
	EndGlobalSection
EndGlobal
