
Microsoft Visual Studio Solution File, Format Version 12.00
# Visual Studio Version 16
VisualStudioVersion = 16.0.30011.22
MinimumVisualStudioVersion = 10.0.40219.1
Project("{FAE04EC0-301F-11D3-BF4B-00C04F79EFBC}") = "Volume ROC", "Volume ROC\Volume ROC.csproj", "{1dcc2c83-8303-4a73-b355-bc5936246743}"
EndProject
Global
	GlobalSection(SolutionConfigurationPlatforms) = preSolution
		Debug|Any CPU = Debug|Any CPU
		Release|Any CPU = Release|Any CPU
	EndGlobalSection
	GlobalSection(ProjectConfigurationPlatforms) = postSolution
		{1dcc2c83-8303-4a73-b355-bc5936246743}.Debug|Any CPU.ActiveCfg = Debug|Any CPU
		{1dcc2c83-8303-4a73-b355-bc5936246743}.Debug|Any CPU.Build.0 = Debug|Any CPU
		{1dcc2c83-8303-4a73-b355-bc5936246743}.Release|Any CPU.ActiveCfg = Release|Any CPU
		{1dcc2c83-8303-4a73-b355-bc5936246743}.Release|Any CPU.Build.0 = Release|Any CPU
	EndGlobalSection
	GlobalSection(SolutionProperties) = preSolution
		HideSolutionNode = FALSE
	EndGlobalSection
EndGlobal
