
Microsoft Visual Studio Solution File, Format Version 11.00
# Visual Studio 2010
Project("{FAE04EC0-301F-11D3-BF4B-00C04F79EFBC}") = "TextAlignment Sample", "TextAlignment Sample\TextAlignment Sample.csproj", "{9E130732-6C5E-4A34-8D09-574F6D9B514D}"
EndProject
Global
	GlobalSection(SolutionConfigurationPlatforms) = preSolution
		Debug|Any CPU = Debug|Any CPU
		Release|Any CPU = Release|Any CPU
	EndGlobalSection
	GlobalSection(ProjectConfigurationPlatforms) = postSolution
		{9E130732-6C5E-4A34-8D09-574F6D9B514D}.Debug|Any CPU.ActiveCfg = Debug|Any CPU
		{9E130732-6C5E-4A34-8D09-574F6D9B514D}.Debug|Any CPU.Build.0 = Debug|Any CPU
		{9E130732-6C5E-4A34-8D09-574F6D9B514D}.Release|Any CPU.ActiveCfg = Release|Any CPU
		{9E130732-6C5E-4A34-8D09-574F6D9B514D}.Release|Any CPU.Build.0 = Release|Any CPU
	EndGlobalSection
	GlobalSection(SolutionProperties) = preSolution
		HideSolutionNode = FALSE
	EndGlobalSection
EndGlobal
