
Microsoft Visual Studio Solution File, Format Version 11.00
# Visual Studio 2010
Project("{FAE04EC0-301F-11D3-BF4B-00C04F79EFBC}") = "Gold Advanced Strategy", "Advanced Gold Strategy\AdvancedGoldStrategy.csproj", "{7C9AEC3E-8925-4BA9-9CD3-0D026EB8B452}"
EndProject
Global
        GlobalSection(SolutionConfigurationPlatforms) = preSolution
                Debug|Any CPU = Debug|Any CPU
                Release|Any CPU = Release|Any CPU
        EndGlobalSection
        GlobalSection(ProjectConfigurationPlatforms) = postSolution
                {7C9AEC3E-8925-4BA9-9CD3-0D026EB8B452}.Debug|Any CPU.ActiveCfg = Debug|Any CPU
                {7C9AEC3E-8925-4BA9-9CD3-0D026EB8B452}.Debug|Any CPU.Build.0 = Debug|Any CPU
                {7C9AEC3E-8925-4BA9-9CD3-0D026EB8B452}.Release|Any CPU.ActiveCfg = Release|Any CPU
                {7C9AEC3E-8925-4BA9-9CD3-0D026EB8B452}.Release|Any CPU.Build.0 = Release|Any CPU
        EndGlobalSection
        GlobalSection(SolutionProperties) = preSolution
                HideSolutionNode = FALSE
        EndGlobalSection
EndGlobal
