
Microsoft Visual Studio Solution File, Format Version 12.00
# Visual Studio Version 16
VisualStudioVersion = 16.0.31729.503
MinimumVisualStudioVersion = 10.0.40219.1
Project("{9A19103F-16F7-4668-BE54-9A1E7A4F7556}") = "Sample Alligator", "Sample Alligator\Sample Alligator.csproj", "{D11E711B-6CE5-42A2-BD07-F25907198272}"
EndProject
Global
	GlobalSection(SolutionConfigurationPlatforms) = preSolution
		Debug|Any CPU = Debug|Any CPU
		Release|Any CPU = Release|Any CPU
	EndGlobalSection
	GlobalSection(ProjectConfigurationPlatforms) = postSolution
		{D11E711B-6CE5-42A2-BD07-F25907198272}.Debug|Any CPU.ActiveCfg = Debug|Any CPU
		{D11E711B-6CE5-42A2-BD07-F25907198272}.Debug|Any CPU.Build.0 = Debug|Any CPU
		{D11E711B-6CE5-42A2-BD07-F25907198272}.Release|Any CPU.ActiveCfg = Release|Any CPU
		{D11E711B-6CE5-42A2-BD07-F25907198272}.Release|Any CPU.Build.0 = Release|Any CPU
	EndGlobalSection
	GlobalSection(SolutionProperties) = preSolution
		HideSolutionNode = FALSE
	EndGlobalSection
	GlobalSection(ExtensibilityGlobals) = postSolution
		SolutionGuid = {F5EF3993-F32A-48D0-A3D9-C1F8B25B02A8}
	EndGlobalSection
EndGlobal
