
Microsoft Visual Studio Solution File, Format Version 12.00
# Visual Studio Version 16
VisualStudioVersion = 16.0.30011.22
MinimumVisualStudioVersion = 10.0.40219.1
Project("{FAE04EC0-301F-11D3-BF4B-00C04F79EFBC}") = "Welles Wilder Smoothing", "Welles Wilder Smoothing\Welles Wilder Smoothing.csproj", "{4f13c0b3-6bfd-4288-9f03-be9fe00c5dfa}"
EndProject
Global
	GlobalSection(SolutionConfigurationPlatforms) = preSolution
		Debug|Any CPU = Debug|Any CPU
		Release|Any CPU = Release|Any CPU
	EndGlobalSection
	GlobalSection(ProjectConfigurationPlatforms) = postSolution
		{4f13c0b3-6bfd-4288-9f03-be9fe00c5dfa}.Debug|Any CPU.ActiveCfg = Debug|Any CPU
		{4f13c0b3-6bfd-4288-9f03-be9fe00c5dfa}.Debug|Any CPU.Build.0 = Debug|Any CPU
		{4f13c0b3-6bfd-4288-9f03-be9fe00c5dfa}.Release|Any CPU.ActiveCfg = Release|Any CPU
		{4f13c0b3-6bfd-4288-9f03-be9fe00c5dfa}.Release|Any CPU.Build.0 = Release|Any CPU
	EndGlobalSection
	GlobalSection(SolutionProperties) = preSolution
		HideSolutionNode = FALSE
	EndGlobalSection
EndGlobal
