
Microsoft Visual Studio Solution File, Format Version 11.00
# Visual Studio 2010
Project("{FAE04EC0-301F-11D3-BF4B-00C04F79EFBC}") = "Server Sample", "Server Sample\Server Sample.csproj", "{E3D2F084-56CC-4B3F-B197-FA6155BE6A8A}"
EndProject
Global
	GlobalSection(SolutionConfigurationPlatforms) = preSolution
		Debug|Any CPU = Debug|Any CPU
		Release|Any CPU = Release|Any CPU
	EndGlobalSection
	GlobalSection(ProjectConfigurationPlatforms) = postSolution
		{E3D2F084-56CC-4B3F-B197-FA6155BE6A8A}.Debug|Any CPU.ActiveCfg = Debug|Any CPU
		{E3D2F084-56CC-4B3F-B197-FA6155BE6A8A}.Debug|Any CPU.Build.0 = Debug|Any CPU
		{E3D2F084-56CC-4B3F-B197-FA6155BE6A8A}.Release|Any CPU.ActiveCfg = Release|Any CPU
		{E3D2F084-56CC-4B3F-B197-FA6155BE6A8A}.Release|Any CPU.Build.0 = Release|Any CPU
	EndGlobalSection
	GlobalSection(SolutionProperties) = preSolution
		HideSolutionNode = FALSE
	EndGlobalSection
EndGlobal
