
Microsoft Visual Studio Solution File, Format Version 12.00
# Visual Studio Version 16
VisualStudioVersion = 16.0.30011.22
MinimumVisualStudioVersion = 10.0.40219.1
Project("{FAE04EC0-301F-11D3-BF4B-00C04F79EFBC}") = "PositionCurrentPrice Sample", "PositionCurrentPrice Sample\PositionCurrentPrice Sample.csproj", "{7e3f1b10-f6a9-4009-8cfd-87b7c21a4507}"
EndProject
Global
	GlobalSection(SolutionConfigurationPlatforms) = preSolution
		Debug|Any CPU = Debug|Any CPU
		Release|Any CPU = Release|Any CPU
	EndGlobalSection
	GlobalSection(ProjectConfigurationPlatforms) = postSolution
		{7e3f1b10-f6a9-4009-8cfd-87b7c21a4507}.Debug|Any CPU.ActiveCfg = Debug|Any CPU
		{7e3f1b10-f6a9-4009-8cfd-87b7c21a4507}.Debug|Any CPU.Build.0 = Debug|Any CPU
		{7e3f1b10-f6a9-4009-8cfd-87b7c21a4507}.Release|Any CPU.ActiveCfg = Release|Any CPU
		{7e3f1b10-f6a9-4009-8cfd-87b7c21a4507}.Release|Any CPU.Build.0 = Release|Any CPU
	EndGlobalSection
	GlobalSection(SolutionProperties) = preSolution
		HideSolutionNode = FALSE
	EndGlobalSection
EndGlobal
