
Microsoft Visual Studio Solution File, Format Version 12.00
# Visual Studio Version 16
VisualStudioVersion = 16.0.31729.503
MinimumVisualStudioVersion = 10.0.40219.1
Project("{9A19103F-16F7-4668-BE54-9A1E7A4F7556}") = "Sample Bears Power", "Sample Bears Power\Sample Bears Power.csproj", "{A47D013C-CD13-4116-B515-982BB6DB8193}"
EndProject
Global
	GlobalSection(SolutionConfigurationPlatforms) = preSolution
		Debug|Any CPU = Debug|Any CPU
		Release|Any CPU = Release|Any CPU
	EndGlobalSection
	GlobalSection(ProjectConfigurationPlatforms) = postSolution
		{A47D013C-CD13-4116-B515-982BB6DB8193}.Debug|Any CPU.ActiveCfg = Debug|Any CPU
		{A47D013C-CD13-4116-B515-982BB6DB8193}.Debug|Any CPU.Build.0 = Debug|Any CPU
		{A47D013C-CD13-4116-B515-982BB6DB8193}.Release|Any CPU.ActiveCfg = Release|Any CPU
		{A47D013C-CD13-4116-B515-982BB6DB8193}.Release|Any CPU.Build.0 = Release|Any CPU
	EndGlobalSection
	GlobalSection(SolutionProperties) = preSolution
		HideSolutionNode = FALSE
	EndGlobalSection
	GlobalSection(ExtensibilityGlobals) = postSolution
		SolutionGuid = {A737E7DA-C31D-464C-A4C9-2892B58E2BD2}
	EndGlobalSection
EndGlobal
