
Microsoft Visual Studio Solution File, Format Version 12.00
# Visual Studio Version 16
VisualStudioVersion = 16.0.30011.22
MinimumVisualStudioVersion = 10.0.40219.1
Project("{FAE04EC0-301F-11D3-BF4B-00C04F79EFBC}") = "TryChangeTimeFrame", "TryChangeTimeFrame\TryChangeTimeFrame.csproj", "{160dba79-7509-45f4-bdd9-93b68c951bbf}"
EndProject
Global
	GlobalSection(SolutionConfigurationPlatforms) = preSolution
		Debug|Any CPU = Debug|Any CPU
		Release|Any CPU = Release|Any CPU
	EndGlobalSection
	GlobalSection(ProjectConfigurationPlatforms) = postSolution
		{160dba79-7509-45f4-bdd9-93b68c951bbf}.Debug|Any CPU.ActiveCfg = Debug|Any CPU
		{160dba79-7509-45f4-bdd9-93b68c951bbf}.Debug|Any CPU.Build.0 = Debug|Any CPU
		{160dba79-7509-45f4-bdd9-93b68c951bbf}.Release|Any CPU.ActiveCfg = Release|Any CPU
		{160dba79-7509-45f4-bdd9-93b68c951bbf}.Release|Any CPU.Build.0 = Release|Any CPU
	EndGlobalSection
	GlobalSection(SolutionProperties) = preSolution
		HideSolutionNode = FALSE
	EndGlobalSection
EndGlobal
