
Microsoft Visual Studio Solution File, Format Version 12.00
# Visual Studio Version 16
VisualStudioVersion = 16.0.31729.503
MinimumVisualStudioVersion = 10.0.40219.1
Project("{9A19103F-16F7-4668-BE54-9A1E7A4F7556}") = "Sample Close Profitable Positions cBot", "Sample Close Profitable Positions cBot\Sample Close Profitable Positions cBot.csproj", "{A2ED31DC-E7B4-43B9-919B-7F1A059FA348}"
EndProject
Global
	GlobalSection(SolutionConfigurationPlatforms) = preSolution
		Debug|Any CPU = Debug|Any CPU
		Release|Any CPU = Release|Any CPU
	EndGlobalSection
	GlobalSection(ProjectConfigurationPlatforms) = postSolution
		{A2ED31DC-E7B4-43B9-919B-7F1A059FA348}.Debug|Any CPU.ActiveCfg = Debug|Any CPU
		{A2ED31DC-E7B4-43B9-919B-7F1A059FA348}.Debug|Any CPU.Build.0 = Debug|Any CPU
		{A2ED31DC-E7B4-43B9-919B-7F1A059FA348}.Release|Any CPU.ActiveCfg = Release|Any CPU
		{A2ED31DC-E7B4-43B9-919B-7F1A059FA348}.Release|Any CPU.Build.0 = Release|Any CPU
	EndGlobalSection
	GlobalSection(SolutionProperties) = preSolution
		HideSolutionNode = FALSE
	EndGlobalSection
	GlobalSection(ExtensibilityGlobals) = postSolution
		SolutionGuid = {7DDC82B2-70A5-4CF8-9068-F5C2082FAC29}
	EndGlobalSection
EndGlobal
