
Microsoft Visual Studio Solution File, Format Version 11.00
# Visual Studio 2010
Project("{FAE04EC0-301F-11D3-BF4B-00C04F79EFBC}") = "Pending Order Placing Sample", "Pending Order Placing Sample\Pending Order Placing Sample.csproj", "{6B465CE8-6A3E-499E-8B56-5DBD22593FA1}"
EndProject
Global
	GlobalSection(SolutionConfigurationPlatforms) = preSolution
		Debug|Any CPU = Debug|Any CPU
		Release|Any CPU = Release|Any CPU
	EndGlobalSection
	GlobalSection(ProjectConfigurationPlatforms) = postSolution
		{6B465CE8-6A3E-499E-8B56-5DBD22593FA1}.Debug|Any CPU.ActiveCfg = Debug|Any CPU
		{6B465CE8-6A3E-499E-8B56-5DBD22593FA1}.Debug|Any CPU.Build.0 = Debug|Any CPU
		{6B465CE8-6A3E-499E-8B56-5DBD22593FA1}.Release|Any CPU.ActiveCfg = Release|Any CPU
		{6B465CE8-6A3E-499E-8B56-5DBD22593FA1}.Release|Any CPU.Build.0 = Release|Any CPU
	EndGlobalSection
	GlobalSection(SolutionProperties) = preSolution
		HideSolutionNode = FALSE
	EndGlobalSection
EndGlobal
