
Microsoft Visual Studio Solution File, Format Version 11.00
# Visual Studio 2010
Project("{FAE04EC0-301F-11D3-BF4B-00C04F79EFBC}") = "PositionModifiedEventArgs Sample", "PositionModifiedEventArgs Sample\PositionModifiedEventArgs Sample.csproj", "{FE3B41C5-164F-4FDE-851E-3434659F36E5}"
EndProject
Global
	GlobalSection(SolutionConfigurationPlatforms) = preSolution
		Debug|Any CPU = Debug|Any CPU
		Release|Any CPU = Release|Any CPU
	EndGlobalSection
	GlobalSection(ProjectConfigurationPlatforms) = postSolution
		{FE3B41C5-164F-4FDE-851E-3434659F36E5}.Debug|Any CPU.ActiveCfg = Debug|Any CPU
		{FE3B41C5-164F-4FDE-851E-3434659F36E5}.Debug|Any CPU.Build.0 = Debug|Any CPU
		{FE3B41C5-164F-4FDE-851E-3434659F36E5}.Release|Any CPU.ActiveCfg = Release|Any CPU
		{FE3B41C5-164F-4FDE-851E-3434659F36E5}.Release|Any CPU.Build.0 = Release|Any CPU
	EndGlobalSection
	GlobalSection(SolutionProperties) = preSolution
		HideSolutionNode = FALSE
	EndGlobalSection
EndGlobal
