
Microsoft Visual Studio Solution File, Format Version 11.00
# Visual Studio 2010
Project("{FAE04EC0-301F-11D3-BF4B-00C04F79EFBC}") = "Canvas Sample", "Canvas Sample\Canvas Sample.csproj", "{02715724-F614-480B-85F6-0FDC5F726DBA}"
EndProject
Global
	GlobalSection(SolutionConfigurationPlatforms) = preSolution
		Debug|Any CPU = Debug|Any CPU
		Release|Any CPU = Release|Any CPU
	EndGlobalSection
	GlobalSection(ProjectConfigurationPlatforms) = postSolution
		{02715724-F614-480B-85F6-0FDC5F726DBA}.Debug|Any CPU.ActiveCfg = Debug|Any CPU
		{02715724-F614-480B-85F6-0FDC5F726DBA}.Debug|Any CPU.Build.0 = Debug|Any CPU
		{02715724-F614-480B-85F6-0FDC5F726DBA}.Release|Any CPU.ActiveCfg = Release|Any CPU
		{02715724-F614-480B-85F6-0FDC5F726DBA}.Release|Any CPU.Build.0 = Release|Any CPU
	EndGlobalSection
	GlobalSection(SolutionProperties) = preSolution
		HideSolutionNode = FALSE
	EndGlobalSection
EndGlobal
