
Microsoft Visual Studio Solution File, Format Version 12.00
# Visual Studio Version 16
VisualStudioVersion = 16.0.30011.22
MinimumVisualStudioVersion = 10.0.40219.1
Project("{FAE04EC0-301F-11D3-BF4B-00C04F79EFBC}") = "Canvas Sample", "Canvas Sample\Canvas Sample.csproj", "{ff0701a7-7e19-4888-b568-3431df4f791d}"
EndProject
Global
	GlobalSection(SolutionConfigurationPlatforms) = preSolution
		Debug|Any CPU = Debug|Any CPU
		Release|Any CPU = Release|Any CPU
	EndGlobalSection
	GlobalSection(ProjectConfigurationPlatforms) = postSolution
		{ff0701a7-7e19-4888-b568-3431df4f791d}.Debug|Any CPU.ActiveCfg = Debug|Any CPU
		{ff0701a7-7e19-4888-b568-3431df4f791d}.Debug|Any CPU.Build.0 = Debug|Any CPU
		{ff0701a7-7e19-4888-b568-3431df4f791d}.Release|Any CPU.ActiveCfg = Release|Any CPU
		{ff0701a7-7e19-4888-b568-3431df4f791d}.Release|Any CPU.Build.0 = Release|Any CPU
	EndGlobalSection
	GlobalSection(SolutionProperties) = preSolution
		HideSolutionNode = FALSE
	EndGlobalSection
EndGlobal
