
Microsoft Visual Studio Solution File, Format Version 11.00
# Visual Studio 2010
Project("{FAE04EC0-301F-11D3-BF4B-00C04F79EFBC}") = "Ellipse Shape Sample", "Ellipse Shape Sample\Ellipse Shape Sample.csproj", "{31F43F06-8EDE-46C1-ACD2-5AD1FED66DDE}"
EndProject
Global
	GlobalSection(SolutionConfigurationPlatforms) = preSolution
		Debug|Any CPU = Debug|Any CPU
		Release|Any CPU = Release|Any CPU
	EndGlobalSection
	GlobalSection(ProjectConfigurationPlatforms) = postSolution
		{31F43F06-8EDE-46C1-ACD2-5AD1FED66DDE}.Debug|Any CPU.ActiveCfg = Debug|Any CPU
		{31F43F06-8EDE-46C1-ACD2-5AD1FED66DDE}.Debug|Any CPU.Build.0 = Debug|Any CPU
		{31F43F06-8EDE-46C1-ACD2-5AD1FED66DDE}.Release|Any CPU.ActiveCfg = Release|Any CPU
		{31F43F06-8EDE-46C1-ACD2-5AD1FED66DDE}.Release|Any CPU.Build.0 = Release|Any CPU
	EndGlobalSection
	GlobalSection(SolutionProperties) = preSolution
		HideSolutionNode = FALSE
	EndGlobalSection
EndGlobal
