
Microsoft Visual Studio Solution File, Format Version 11.00
# Visual Studio 2010
Project("{FAE04EC0-301F-11D3-BF4B-00C04F79EFBC}") = "Levels Sample", "Levels Sample\Levels Sample.csproj", "{B4A5308F-BB20-4588-8D9E-50229CDB99AF}"
EndProject
Global
	GlobalSection(SolutionConfigurationPlatforms) = preSolution
		Debug|Any CPU = Debug|Any CPU
		Release|Any CPU = Release|Any CPU
	EndGlobalSection
	GlobalSection(ProjectConfigurationPlatforms) = postSolution
		{B4A5308F-BB20-4588-8D9E-50229CDB99AF}.Debug|Any CPU.ActiveCfg = Debug|Any CPU
		{B4A5308F-BB20-4588-8D9E-50229CDB99AF}.Debug|Any CPU.Build.0 = Debug|Any CPU
		{B4A5308F-BB20-4588-8D9E-50229CDB99AF}.Release|Any CPU.ActiveCfg = Release|Any CPU
		{B4A5308F-BB20-4588-8D9E-50229CDB99AF}.Release|Any CPU.Build.0 = Release|Any CPU
	EndGlobalSection
	GlobalSection(SolutionProperties) = preSolution
		HideSolutionNode = FALSE
	EndGlobalSection
EndGlobal
