
Microsoft Visual Studio Solution File, Format Version 11.00
# Visual Studio 2010
Project("{FAE04EC0-301F-11D3-BF4B-00C04F79EFBC}") = "Rectangle Corner Radius Sample", "Rectangle Corner Radius Sample\Rectangle Corner Radius Sample.csproj", "{678EA2B2-265D-4292-9C16-D73C089D5C52}"
EndProject
Global
	GlobalSection(SolutionConfigurationPlatforms) = preSolution
		Debug|Any CPU = Debug|Any CPU
		Release|Any CPU = Release|Any CPU
	EndGlobalSection
	GlobalSection(ProjectConfigurationPlatforms) = postSolution
		{678EA2B2-265D-4292-9C16-D73C089D5C52}.Debug|Any CPU.ActiveCfg = Debug|Any CPU
		{678EA2B2-265D-4292-9C16-D73C089D5C52}.Debug|Any CPU.Build.0 = Debug|Any CPU
		{678EA2B2-265D-4292-9C16-D73C089D5C52}.Release|Any CPU.ActiveCfg = Release|Any CPU
		{678EA2B2-265D-4292-9C16-D73C089D5C52}.Release|Any CPU.Build.0 = Release|Any CPU
	EndGlobalSection
	GlobalSection(SolutionProperties) = preSolution
		HideSolutionNode = FALSE
	EndGlobalSection
EndGlobal
