
Microsoft Visual Studio Solution File, Format Version 11.00
# Visual Studio 2010
Project("{FAE04EC0-301F-11D3-BF4B-00C04F79EFBC}") = "Radio Button Sample", "Radio Button Sample\Radio Button Sample.csproj", "{ABBDE96F-F344-4354-A04F-89D0D2F98903}"
EndProject
Global
	GlobalSection(SolutionConfigurationPlatforms) = preSolution
		Debug|Any CPU = Debug|Any CPU
		Release|Any CPU = Release|Any CPU
	EndGlobalSection
	GlobalSection(ProjectConfigurationPlatforms) = postSolution
		{ABBDE96F-F344-4354-A04F-89D0D2F98903}.Debug|Any CPU.ActiveCfg = Debug|Any CPU
		{ABBDE96F-F344-4354-A04F-89D0D2F98903}.Debug|Any CPU.Build.0 = Debug|Any CPU
		{ABBDE96F-F344-4354-A04F-89D0D2F98903}.Release|Any CPU.ActiveCfg = Release|Any CPU
		{ABBDE96F-F344-4354-A04F-89D0D2F98903}.Release|Any CPU.Build.0 = Release|Any CPU
	EndGlobalSection
	GlobalSection(SolutionProperties) = preSolution
		HideSolutionNode = FALSE
	EndGlobalSection
EndGlobal
