
Microsoft Visual Studio Solution File, Format Version 11.00
# Visual Studio 2010
Project("{FAE04EC0-301F-11D3-BF4B-00C04F79EFBC}") = "Stretch Sample", "Stretch Sample\Stretch Sample.csproj", "{D4043599-92BB-4EAB-BE51-5CC25A94770D}"
EndProject
Global
	GlobalSection(SolutionConfigurationPlatforms) = preSolution
		Debug|Any CPU = Debug|Any CPU
		Release|Any CPU = Release|Any CPU
	EndGlobalSection
	GlobalSection(ProjectConfigurationPlatforms) = postSolution
		{D4043599-92BB-4EAB-BE51-5CC25A94770D}.Debug|Any CPU.ActiveCfg = Debug|Any CPU
		{D4043599-92BB-4EAB-BE51-5CC25A94770D}.Debug|Any CPU.Build.0 = Debug|Any CPU
		{D4043599-92BB-4EAB-BE51-5CC25A94770D}.Release|Any CPU.ActiveCfg = Release|Any CPU
		{D4043599-92BB-4EAB-BE51-5CC25A94770D}.Release|Any CPU.Build.0 = Release|Any CPU
	EndGlobalSection
	GlobalSection(SolutionProperties) = preSolution
		HideSolutionNode = FALSE
	EndGlobalSection
EndGlobal
