
Microsoft Visual Studio Solution File, Format Version 12.00
# Visual Studio Version 16
VisualStudioVersion = 16.0.30011.22
MinimumVisualStudioVersion = 10.0.40219.1
Project("{FAE04EC0-301F-11D3-BF4B-00C04F79EFBC}") = "PositionCurrentPrice Sample", "PositionCurrentPrice Sample\PositionCurrentPrice Sample.csproj", "{7cf2c8dd-723e-4236-af8e-80babd2a82bb}"
EndProject
Global
	GlobalSection(SolutionConfigurationPlatforms) = preSolution
		Debug|Any CPU = Debug|Any CPU
		Release|Any CPU = Release|Any CPU
	EndGlobalSection
	GlobalSection(ProjectConfigurationPlatforms) = postSolution
		{7cf2c8dd-723e-4236-af8e-80babd2a82bb}.Debug|Any CPU.ActiveCfg = Debug|Any CPU
		{7cf2c8dd-723e-4236-af8e-80babd2a82bb}.Debug|Any CPU.Build.0 = Debug|Any CPU
		{7cf2c8dd-723e-4236-af8e-80babd2a82bb}.Release|Any CPU.ActiveCfg = Release|Any CPU
		{7cf2c8dd-723e-4236-af8e-80babd2a82bb}.Release|Any CPU.Build.0 = Release|Any CPU
	EndGlobalSection
	GlobalSection(SolutionProperties) = preSolution
		HideSolutionNode = FALSE
	EndGlobalSection
EndGlobal
