
Microsoft Visual Studio Solution File, Format Version 11.00
# Visual Studio 2010
Project("{FAE04EC0-301F-11D3-BF4B-00C04F79EFBC}") = "Pending Order Events", "Pending Order Events\Pending Order Events.csproj", "{CBFCA11A-15B2-4E8C-867A-94603B5B25F6}"
EndProject
Global
	GlobalSection(SolutionConfigurationPlatforms) = preSolution
		Debug|Any CPU = Debug|Any CPU
		Release|Any CPU = Release|Any CPU
	EndGlobalSection
	GlobalSection(ProjectConfigurationPlatforms) = postSolution
		{CBFCA11A-15B2-4E8C-867A-94603B5B25F6}.Debug|Any CPU.ActiveCfg = Debug|Any CPU
		{CBFCA11A-15B2-4E8C-867A-94603B5B25F6}.Debug|Any CPU.Build.0 = Debug|Any CPU
		{CBFCA11A-15B2-4E8C-867A-94603B5B25F6}.Release|Any CPU.ActiveCfg = Release|Any CPU
		{CBFCA11A-15B2-4E8C-867A-94603B5B25F6}.Release|Any CPU.Build.0 = Release|Any CPU
	EndGlobalSection
	GlobalSection(SolutionProperties) = preSolution
		HideSolutionNode = FALSE
	EndGlobalSection
EndGlobal
