
Microsoft Visual Studio Solution File, Format Version 12.00
# Visual Studio Version 16
VisualStudioVersion = 16.0.30011.22
MinimumVisualStudioVersion = 10.0.40219.1
Project("{FAE04EC0-301F-11D3-BF4B-00C04F79EFBC}") = "Web Sockets Sample", "Web Sockets Sample\Web Sockets Sample.csproj", "{cd5f4d41-2fe3-40da-b9b2-389ea0689fc4}"
EndProject
Global
	GlobalSection(SolutionConfigurationPlatforms) = preSolution
		Debug|Any CPU = Debug|Any CPU
		Release|Any CPU = Release|Any CPU
	EndGlobalSection
	GlobalSection(ProjectConfigurationPlatforms) = postSolution
		{cd5f4d41-2fe3-40da-b9b2-389ea0689fc4}.Debug|Any CPU.ActiveCfg = Debug|Any CPU
		{cd5f4d41-2fe3-40da-b9b2-389ea0689fc4}.Debug|Any CPU.Build.0 = Debug|Any CPU
		{cd5f4d41-2fe3-40da-b9b2-389ea0689fc4}.Release|Any CPU.ActiveCfg = Release|Any CPU
		{cd5f4d41-2fe3-40da-b9b2-389ea0689fc4}.Release|Any CPU.Build.0 = Release|Any CPU
	EndGlobalSection
	GlobalSection(SolutionProperties) = preSolution
		HideSolutionNode = FALSE
	EndGlobalSection
EndGlobal
