
Microsoft Visual Studio Solution File, Format Version 11.00
# Visual Studio 2010
Project("{FAE04EC0-301F-11D3-BF4B-00C04F79EFBC}") = "TimeZone Sample", "TimeZone Sample\TimeZone Sample.csproj", "{039D760E-3092-45F3-8CA4-330D8A918201}"
EndProject
Global
	GlobalSection(SolutionConfigurationPlatforms) = preSolution
		Debug|Any CPU = Debug|Any CPU
		Release|Any CPU = Release|Any CPU
	EndGlobalSection
	GlobalSection(ProjectConfigurationPlatforms) = postSolution
		{039D760E-3092-45F3-8CA4-330D8A918201}.Debug|Any CPU.ActiveCfg = Debug|Any CPU
		{039D760E-3092-45F3-8CA4-330D8A918201}.Debug|Any CPU.Build.0 = Debug|Any CPU
		{039D760E-3092-45F3-8CA4-330D8A918201}.Release|Any CPU.ActiveCfg = Release|Any CPU
		{039D760E-3092-45F3-8CA4-330D8A918201}.Release|Any CPU.Build.0 = Release|Any CPU
	EndGlobalSection
	GlobalSection(SolutionProperties) = preSolution
		HideSolutionNode = FALSE
	EndGlobalSection
EndGlobal
