
Microsoft Visual Studio Solution File, Format Version 12.00
# Visual Studio Version 16
VisualStudioVersion = 16.0.31729.503
MinimumVisualStudioVersion = 10.0.40219.1
Project("{9A19103F-16F7-4668-BE54-9A1E7A4F7556}") = "Sample Lines Trader", "Sample Lines Trader\Sample Lines Trader.csproj", "{78F7D164-DC8B-4E6A-9631-C9832E79753A}"
EndProject
Global
	GlobalSection(SolutionConfigurationPlatforms) = preSolution
		Debug|Any CPU = Debug|Any CPU
		Release|Any CPU = Release|Any CPU
	EndGlobalSection
	GlobalSection(ProjectConfigurationPlatforms) = postSolution
		{78F7D164-DC8B-4E6A-9631-C9832E79753A}.Debug|Any CPU.ActiveCfg = Debug|Any CPU
		{78F7D164-DC8B-4E6A-9631-C9832E79753A}.Debug|Any CPU.Build.0 = Debug|Any CPU
		{78F7D164-DC8B-4E6A-9631-C9832E79753A}.Release|Any CPU.ActiveCfg = Release|Any CPU
		{78F7D164-DC8B-4E6A-9631-C9832E79753A}.Release|Any CPU.Build.0 = Release|Any CPU
	EndGlobalSection
	GlobalSection(SolutionProperties) = preSolution
		HideSolutionNode = FALSE
	EndGlobalSection
	GlobalSection(ExtensibilityGlobals) = postSolution
		SolutionGuid = {DFF08E67-47EC-41CF-A0BF-16609194FF89}
	EndGlobalSection
EndGlobal
