
Microsoft Visual Studio Solution File, Format Version 12.00
# Visual Studio Version 16
VisualStudioVersion = 16.0.30011.22
MinimumVisualStudioVersion = 10.0.40219.1
Project("{FAE04EC0-301F-11D3-BF4B-00C04F79EFBC}") = "CanvaSimple", "CanvaSimple\CanvaSimple.csproj", "{a1e46fa0-5ac9-4f01-81ee-1a4323d55e11}"
EndProject
Global
	GlobalSection(SolutionConfigurationPlatforms) = preSolution
		Debug|Any CPU = Debug|Any CPU
		Release|Any CPU = Release|Any CPU
	EndGlobalSection
	GlobalSection(ProjectConfigurationPlatforms) = postSolution
		{a1e46fa0-5ac9-4f01-81ee-1a4323d55e11}.Debug|Any CPU.ActiveCfg = Debug|Any CPU
		{a1e46fa0-5ac9-4f01-81ee-1a4323d55e11}.Debug|Any CPU.Build.0 = Debug|Any CPU
		{a1e46fa0-5ac9-4f01-81ee-1a4323d55e11}.Release|Any CPU.ActiveCfg = Release|Any CPU
		{a1e46fa0-5ac9-4f01-81ee-1a4323d55e11}.Release|Any CPU.Build.0 = Release|Any CPU
	EndGlobalSection
	GlobalSection(SolutionProperties) = preSolution
		HideSolutionNode = FALSE
	EndGlobalSection
EndGlobal
