
Microsoft Visual Studio Solution File, Format Version 11.00
# Visual Studio 2010
Project("{FAE04EC0-301F-11D3-BF4B-00C04F79EFBC}") = "MarketHours Sample", "MarketHours Sample\MarketHours Sample.csproj", "{1ED4E387-A5EF-44C7-965C-171D0162687B}"
EndProject
Global
	GlobalSection(SolutionConfigurationPlatforms) = preSolution
		Debug|Any CPU = Debug|Any CPU
		Release|Any CPU = Release|Any CPU
	EndGlobalSection
	GlobalSection(ProjectConfigurationPlatforms) = postSolution
		{1ED4E387-A5EF-44C7-965C-171D0162687B}.Debug|Any CPU.ActiveCfg = Debug|Any CPU
		{1ED4E387-A5EF-44C7-965C-171D0162687B}.Debug|Any CPU.Build.0 = Debug|Any CPU
		{1ED4E387-A5EF-44C7-965C-171D0162687B}.Release|Any CPU.ActiveCfg = Release|Any CPU
		{1ED4E387-A5EF-44C7-965C-171D0162687B}.Release|Any CPU.Build.0 = Release|Any CPU
	EndGlobalSection
	GlobalSection(SolutionProperties) = preSolution
		HideSolutionNode = FALSE
	EndGlobalSection
EndGlobal
