
Microsoft Visual Studio Solution File, Format Version 12.00
# Visual Studio Version 16
VisualStudioVersion = 16.0.30011.22
MinimumVisualStudioVersion = 10.0.40219.1
Project("{FAE04EC0-301F-11D3-BF4B-00C04F79EFBC}") = "Plugin Calendar", "Plugin Calendar\Plugin Calendar.csproj", "{46cb638b-ab83-45e9-9c45-dd8f2ea6ca0e}"
EndProject
Global
	GlobalSection(SolutionConfigurationPlatforms) = preSolution
		Debug|Any CPU = Debug|Any CPU
		Release|Any CPU = Release|Any CPU
	EndGlobalSection
	GlobalSection(ProjectConfigurationPlatforms) = postSolution
		{46cb638b-ab83-45e9-9c45-dd8f2ea6ca0e}.Debug|Any CPU.ActiveCfg = Debug|Any CPU
		{46cb638b-ab83-45e9-9c45-dd8f2ea6ca0e}.Debug|Any CPU.Build.0 = Debug|Any CPU
		{46cb638b-ab83-45e9-9c45-dd8f2ea6ca0e}.Release|Any CPU.ActiveCfg = Release|Any CPU
		{46cb638b-ab83-45e9-9c45-dd8f2ea6ca0e}.Release|Any CPU.Build.0 = Release|Any CPU
	EndGlobalSection
	GlobalSection(SolutionProperties) = preSolution
		HideSolutionNode = FALSE
	EndGlobalSection
EndGlobal
