
Microsoft Visual Studio Solution File, Format Version 12.00
# Visual Studio Version 16
VisualStudioVersion = 16.0.30011.22
MinimumVisualStudioVersion = 10.0.40219.1
Project("{FAE04EC0-301F-11D3-BF4B-00C04F79EFBC}") = "Kaufman Adaptive Moving Average", "Kaufman Adaptive Moving Average\Kaufman Adaptive Moving Average.csproj", "{4cdf011a-8f94-473b-93f6-40c9be927099}"
EndProject
Global
	GlobalSection(SolutionConfigurationPlatforms) = preSolution
		Debug|Any CPU = Debug|Any CPU
		Release|Any CPU = Release|Any CPU
	EndGlobalSection
	GlobalSection(ProjectConfigurationPlatforms) = postSolution
		{4cdf011a-8f94-473b-93f6-40c9be927099}.Debug|Any CPU.ActiveCfg = Debug|Any CPU
		{4cdf011a-8f94-473b-93f6-40c9be927099}.Debug|Any CPU.Build.0 = Debug|Any CPU
		{4cdf011a-8f94-473b-93f6-40c9be927099}.Release|Any CPU.ActiveCfg = Release|Any CPU
		{4cdf011a-8f94-473b-93f6-40c9be927099}.Release|Any CPU.Build.0 = Release|Any CPU
	EndGlobalSection
	GlobalSection(SolutionProperties) = preSolution
		HideSolutionNode = FALSE
	EndGlobalSection
EndGlobal
