
Microsoft Visual Studio Solution File, Format Version 11.00
# Visual Studio 2010
Project("{FAE04EC0-301F-11D3-BF4B-00C04F79EFBC}") = "Custom Control Sample", "Custom Control Sample\Custom Control Sample.csproj", "{BE313200-1351-44C5-9B4A-A3D0B06E2E96}"
EndProject
Global
	GlobalSection(SolutionConfigurationPlatforms) = preSolution
		Debug|Any CPU = Debug|Any CPU
		Release|Any CPU = Release|Any CPU
	EndGlobalSection
	GlobalSection(ProjectConfigurationPlatforms) = postSolution
		{BE313200-1351-44C5-9B4A-A3D0B06E2E96}.Debug|Any CPU.ActiveCfg = Debug|Any CPU
		{BE313200-1351-44C5-9B4A-A3D0B06E2E96}.Debug|Any CPU.Build.0 = Debug|Any CPU
		{BE313200-1351-44C5-9B4A-A3D0B06E2E96}.Release|Any CPU.ActiveCfg = Release|Any CPU
		{BE313200-1351-44C5-9B4A-A3D0B06E2E96}.Release|Any CPU.Build.0 = Release|Any CPU
	EndGlobalSection
	GlobalSection(SolutionProperties) = preSolution
		HideSolutionNode = FALSE
	EndGlobalSection
EndGlobal
